
Microsoft Visual Studio Solution File, Format Version 12.00
# Visual Studio 14
VisualStudioVersion = 14.0.25420.1
MinimumVisualStudioVersion = 10.0.40219.1
Project("{FAE04EC0-301F-11D3-BF4B-00C04F79EFBC}") = "1.UnionJack", "1.UnionJack\1.UnionJack.csproj", "{3DC38427-C0FB-4A03-9F85-91422DC049E3}"
EndProject
Project("{FAE04EC0-301F-11D3-BF4B-00C04F79EFBC}") = "2.Maze", "2.Maze\2.Maze.csproj", "{5C7FAAC6-BC1D-492A-8B5B-4ADED31B0106}"
EndProject
Project("{00D1A9C2-B5F0-4AF3-8072-F6C62B433612}") = "3.ThisOrThat", "3.ThisOrThat\3.ThisOrThat.sqlproj", "{A91CDC3D-B3A3-4769-AF4E-07021B2100B0}"
EndProject
Global
	GlobalSection(SolutionConfigurationPlatforms) = preSolution
		Debug|Any CPU = Debug|Any CPU
		Release|Any CPU = Release|Any CPU
	EndGlobalSection
	GlobalSection(ProjectConfigurationPlatforms) = postSolution
		{3DC38427-C0FB-4A03-9F85-91422DC049E3}.Debug|Any CPU.ActiveCfg = Debug|Any CPU
		{3DC38427-C0FB-4A03-9F85-91422DC049E3}.Debug|Any CPU.Build.0 = Debug|Any CPU
		{3DC38427-C0FB-4A03-9F85-91422DC049E3}.Release|Any CPU.ActiveCfg = Release|Any CPU
		{3DC38427-C0FB-4A03-9F85-91422DC049E3}.Release|Any CPU.Build.0 = Release|Any CPU
		{5C7FAAC6-BC1D-492A-8B5B-4ADED31B0106}.Debug|Any CPU.ActiveCfg = Debug|Any CPU
		{5C7FAAC6-BC1D-492A-8B5B-4ADED31B0106}.Debug|Any CPU.Build.0 = Debug|Any CPU
		{5C7FAAC6-BC1D-492A-8B5B-4ADED31B0106}.Release|Any CPU.ActiveCfg = Release|Any CPU
		{5C7FAAC6-BC1D-492A-8B5B-4ADED31B0106}.Release|Any CPU.Build.0 = Release|Any CPU
		{A91CDC3D-B3A3-4769-AF4E-07021B2100B0}.Debug|Any CPU.ActiveCfg = Debug|Any CPU
		{A91CDC3D-B3A3-4769-AF4E-07021B2100B0}.Debug|Any CPU.Build.0 = Debug|Any CPU
		{A91CDC3D-B3A3-4769-AF4E-07021B2100B0}.Debug|Any CPU.Deploy.0 = Debug|Any CPU
		{A91CDC3D-B3A3-4769-AF4E-07021B2100B0}.Release|Any CPU.ActiveCfg = Release|Any CPU
		{A91CDC3D-B3A3-4769-AF4E-07021B2100B0}.Release|Any CPU.Build.0 = Release|Any CPU
		{A91CDC3D-B3A3-4769-AF4E-07021B2100B0}.Release|Any CPU.Deploy.0 = Release|Any CPU
	EndGlobalSection
	GlobalSection(SolutionProperties) = preSolution
		HideSolutionNode = FALSE
	EndGlobalSection
EndGlobal
